// !$*UTF8*$!
{
	archiveVersion = 1;
	classes = {
	};
	objectVersion = 77;
	objects = {

/* Begin PBXBuildFile section */
		2FBB709C2D500E0C008998C8 /* WidgetKit.framework in Frameworks */ = {isa = PBXBuildFile; fileRef = 2FBB709B2D500E0C008998C8 /* WidgetKit.framework */; };
		2FBB709E2D500E0C008998C8 /* SwiftUI.framework in Frameworks */ = {isa = PBXBuildFile; fileRef = 2FBB709D2D500E0C008998C8 /* SwiftUI.framework */; };
		2FBB70AC2D500E0D008998C8 /* PeekTransitWidgetExtension.appex in Embed Foundation Extensions */ = {isa = PBXBuildFile; fileRef = 2FBB70992D500E0C008998C8 /* PeekTransitWidgetExtension.appex */; settings = {ATTRIBUTES = (RemoveHeadersOnCopy, ); }; };
		2FBB71232D501CC0008998C8 /* Intents.framework in Frameworks */ = {isa = PBXBuildFile; fileRef = 2FBB71222D501CC0008998C8 /* Intents.framework */; };
		2FBB712A2D501CC0008998C8 /* PeekTransitWidgetIntentHelper.appex in Embed Foundation Extensions */ = {isa = PBXBuildFile; fileRef = 2FBB71212D501CC0008998C8 /* PeekTransitWidgetIntentHelper.appex */; settings = {ATTRIBUTES = (RemoveHeadersOnCopy, ); }; };
/* End PBXBuildFile section */

/* Begin PBXContainerItemProxy section */
		2FBB70AA2D500E0D008998C8 /* PBXContainerItemProxy */ = {
			isa = PBXContainerItemProxy;
			containerPortal = 2F570C0A2D45D5EE00C01563 /* Project object */;
			proxyType = 1;
			remoteGlobalIDString = 2FBB70982D500E0C008998C8;
			remoteInfo = PeekTransitWidgetExtension;
		};
		2FBB71282D501CC0008998C8 /* PBXContainerItemProxy */ = {
			isa = PBXContainerItemProxy;
			containerPortal = 2F570C0A2D45D5EE00C01563 /* Project object */;
			proxyType = 1;
			remoteGlobalIDString = 2FBB71202D501CC0008998C8;
			remoteInfo = PeekTransitWidgetIntentHelper;
		};
/* End PBXContainerItemProxy section */

/* Begin PBXCopyFilesBuildPhase section */
		2F2010AC2D4EF93A009E18AE /* Embed ExtensionKit Extensions */ = {
			isa = PBXCopyFilesBuildPhase;
			buildActionMask = 2147483647;
			dstPath = "$(EXTENSIONS_FOLDER_PATH)";
			dstSubfolderSpec = 16;
			files = (
			);
			name = "Embed ExtensionKit Extensions";
			runOnlyForDeploymentPostprocessing = 0;
		};
		2FB3B8D22D4DB2B1003BFF19 /* Embed Foundation Extensions */ = {
			isa = PBXCopyFilesBuildPhase;
			buildActionMask = 2147483647;
			dstPath = "";
			dstSubfolderSpec = 13;
			files = (
				2FBB70AC2D500E0D008998C8 /* PeekTransitWidgetExtension.appex in Embed Foundation Extensions */,
				2FBB712A2D501CC0008998C8 /* PeekTransitWidgetIntentHelper.appex in Embed Foundation Extensions */,
			);
			name = "Embed Foundation Extensions";
			runOnlyForDeploymentPostprocessing = 0;
		};
/* End PBXCopyFilesBuildPhase section */

/* Begin PBXFileReference section */
		2F570C122D45D5EE00C01563 /* Peek Transit.app */ = {isa = PBXFileReference; explicitFileType = wrapper.application; includeInIndex = 0; path = "Peek Transit.app"; sourceTree = BUILT_PRODUCTS_DIR; };
		2FBB70992D500E0C008998C8 /* PeekTransitWidgetExtension.appex */ = {isa = PBXFileReference; explicitFileType = "wrapper.app-extension"; includeInIndex = 0; path = PeekTransitWidgetExtension.appex; sourceTree = BUILT_PRODUCTS_DIR; };
		2FBB709B2D500E0C008998C8 /* WidgetKit.framework */ = {isa = PBXFileReference; lastKnownFileType = wrapper.framework; name = WidgetKit.framework; path = /System/Library/Frameworks/WidgetKit.framework; sourceTree = "<absolute>"; };
		2FBB709D2D500E0C008998C8 /* SwiftUI.framework */ = {isa = PBXFileReference; lastKnownFileType = wrapper.framework; name = SwiftUI.framework; path = /System/Library/Frameworks/SwiftUI.framework; sourceTree = "<absolute>"; };
		2FBB71212D501CC0008998C8 /* PeekTransitWidgetIntentHelper.appex */ = {isa = PBXFileReference; explicitFileType = "wrapper.app-extension"; includeInIndex = 0; path = PeekTransitWidgetIntentHelper.appex; sourceTree = BUILT_PRODUCTS_DIR; };
		2FBB71222D501CC0008998C8 /* Intents.framework */ = {isa = PBXFileReference; lastKnownFileType = wrapper.framework; name = Intents.framework; path = System/Library/Frameworks/Intents.framework; sourceTree = SDKROOT; };
/* End PBXFileReference section */

/* Begin PBXFileSystemSynchronizedBuildFileExceptionSet section */
		2F570C222D45D5EF00C01563 /* Exceptions for "PeekTransit" folder in "Peek Transit" target */ = {
			isa = PBXFileSystemSynchronizedBuildFileExceptionSet;
			membershipExceptions = (
				Info.plist,
			);
			target = 2F570C112D45D5EE00C01563 /* Peek Transit */;
		};
		2FBB70B02D500E0D008998C8 /* Exceptions for "PeekTransitWidget" folder in "PeekTransitWidgetExtension" target */ = {
			isa = PBXFileSystemSynchronizedBuildFileExceptionSet;
			membershipExceptions = (
				Info.plist,
			);
			target = 2FBB70982D500E0C008998C8 /* PeekTransitWidgetExtension */;
		};
		2FBB711C2D50131A008998C8 /* Exceptions for "PeekTransitWidget" folder in "Peek Transit" target */ = {
			isa = PBXFileSystemSynchronizedBuildFileExceptionSet;
			membershipExceptions = (
				Managers/WidgetRefreshManager.swift,
				PeekTransitWidget.intentdefinition,
				Views/BusScheduleRowView.swift,
				Views/DynamicWidgetView.swift,
				Views/LastUpdatedView.swift,
				Views/WidgetStopView.swift,
			);
			target = 2F570C112D45D5EE00C01563 /* Peek Transit */;
		};
		2FBB712E2D501CC0008998C8 /* Exceptions for "PeekTransitWidgetIntentHelper" folder in "PeekTransitWidgetIntentHelper" target */ = {
			isa = PBXFileSystemSynchronizedBuildFileExceptionSet;
			membershipExceptions = (
				Info.plist,
			);
			target = 2FBB71202D501CC0008998C8 /* PeekTransitWidgetIntentHelper */;
		};
		2FBB71302D501CF1008998C8 /* Exceptions for "PeekTransitWidget" folder in "PeekTransitWidgetIntentHelper" target */ = {
			isa = PBXFileSystemSynchronizedBuildFileExceptionSet;
			membershipExceptions = (
				PeekTransitWidget.intentdefinition,
				Views/BusScheduleRowView.swift,
				Views/DynamicWidgetView.swift,
				Views/LastUpdatedView.swift,
				Views/WidgetStopView.swift,
			);
			target = 2FBB71202D501CC0008998C8 /* PeekTransitWidgetIntentHelper */;
		};
		2FBB71322D501F09008998C8 /* Exceptions for "PeekTransitWidgetIntentHelper" folder in "PeekTransitWidgetExtension" target */ = {
			isa = PBXFileSystemSynchronizedBuildFileExceptionSet;
			membershipExceptions = (
				IntentHandler.swift,
			);
			target = 2FBB70982D500E0C008998C8 /* PeekTransitWidgetExtension */;
		};
		2FBB71342D501F90008998C8 /* Exceptions for "PeekTransitWidgetIntentHelper" folder in "Peek Transit" target */ = {
			isa = PBXFileSystemSynchronizedBuildFileExceptionSet;
			membershipExceptions = (
				IntentHandler.swift,
			);
			target = 2F570C112D45D5EE00C01563 /* Peek Transit */;
		};
		2FBB714E2D502CB3008998C8 /* Exceptions for "Shared" folder in "PeekTransitWidgetExtension" target */ = {
			isa = PBXFileSystemSynchronizedBuildFileExceptionSet;
			membershipExceptions = (
				"Assets/Fonts/Doto_Rounded-Black.ttf",
				"Assets/Fonts/Doto_Rounded-Bold.ttf",
				"Assets/Fonts/Doto_Rounded-ExtraBold.ttf",
				"Assets/Fonts/Doto_Rounded-ExtraLight.ttf",
				"Assets/Fonts/Doto_Rounded-Light.ttf",
				"Assets/Fonts/Doto_Rounded-Medium.ttf",
				"Assets/Fonts/Doto_Rounded-Regular.ttf",
				"Assets/Fonts/Doto_Rounded-SemiBold.ttf",
				"Assets/Fonts/Doto_Rounded-Thin.ttf",
				"Assets/Fonts/Doto-Black.ttf",
				"Assets/Fonts/Doto-Bold.ttf",
				"Assets/Fonts/Doto-ExtraBold.ttf",
				"Assets/Fonts/Doto-ExtraLight.ttf",
				"Assets/Fonts/Doto-Light.ttf",
				"Assets/Fonts/Doto-Medium.ttf",
				"Assets/Fonts/Doto-Regular.ttf",
				"Assets/Fonts/Doto-SemiBold.ttf",
				"Assets/Fonts/Doto-Thin.ttf",
				"Assets/Fonts/Doto-VariableFont_ROND,wght.ttf",
				Assets/Fonts/LCDDot.ttf,
				Helpers/PeekTransitConstants.swift,
				Helpers/TimeFormat.swift,
				Helpers/TransitError.swift,
				Helpers/WidgetKind.swift,
				Helpers/WidgetSize.swift,
				Managers/SavedWidgetsManager.swift,
				Managers/ThemeManager.swift,
				Managers/VariantsCacheManager.swift,
				Models/AnyCodable.swift,
				Models/SharedDefaults.swift,
				Models/WidgetModel.swift,
				Services/WinnipegTransitAPI.swift,
			);
			target = 2FBB70982D500E0C008998C8 /* PeekTransitWidgetExtension */;
		};
		2FBB714F2D502CB3008998C8 /* Exceptions for "PeekTransit" folder in "PeekTransitWidgetExtension" target */ = {
			isa = PBXFileSystemSynchronizedBuildFileExceptionSet;
			membershipExceptions = (
				Services/StopsDataStore.swift,
			);
			target = 2FBB70982D500E0C008998C8 /* PeekTransitWidgetExtension */;
		};
		2FBB71502D502CB3008998C8 /* Exceptions for "PeekTransit" folder in "PeekTransitWidgetIntentHelper" target */ = {
			isa = PBXFileSystemSynchronizedBuildFileExceptionSet;
			membershipExceptions = (
				Services/StopsDataStore.swift,
			);
			target = 2FBB71202D501CC0008998C8 /* PeekTransitWidgetIntentHelper */;
		};
		2FBB71512D502CB3008998C8 /* Exceptions for "Shared" folder in "PeekTransitWidgetIntentHelper" target */ = {
			isa = PBXFileSystemSynchronizedBuildFileExceptionSet;
			membershipExceptions = (
				"Assets/Fonts/Doto_Rounded-Black.ttf",
				"Assets/Fonts/Doto_Rounded-Bold.ttf",
				"Assets/Fonts/Doto_Rounded-ExtraBold.ttf",
				"Assets/Fonts/Doto_Rounded-ExtraLight.ttf",
				"Assets/Fonts/Doto_Rounded-Light.ttf",
				"Assets/Fonts/Doto_Rounded-Medium.ttf",
				"Assets/Fonts/Doto_Rounded-Regular.ttf",
				"Assets/Fonts/Doto_Rounded-SemiBold.ttf",
				"Assets/Fonts/Doto_Rounded-Thin.ttf",
				"Assets/Fonts/Doto-Black.ttf",
				"Assets/Fonts/Doto-Bold.ttf",
				"Assets/Fonts/Doto-ExtraBold.ttf",
				"Assets/Fonts/Doto-ExtraLight.ttf",
				"Assets/Fonts/Doto-Light.ttf",
				"Assets/Fonts/Doto-Medium.ttf",
				"Assets/Fonts/Doto-Regular.ttf",
				"Assets/Fonts/Doto-SemiBold.ttf",
				"Assets/Fonts/Doto-Thin.ttf",
				"Assets/Fonts/Doto-VariableFont_ROND,wght.ttf",
				Assets/Fonts/LCDDot.ttf,
				Helpers/PeekTransitConstants.swift,
				Helpers/TimeFormat.swift,
				Helpers/TransitError.swift,
				Helpers/WidgetKind.swift,
				Helpers/WidgetSize.swift,
				Managers/SavedWidgetsManager.swift,
				Managers/ThemeManager.swift,
				Managers/VariantsCacheManager.swift,
				Models/AnyCodable.swift,
				Models/SharedDefaults.swift,
				Models/WidgetModel.swift,
				Services/WinnipegTransitAPI.swift,
			);
			target = 2FBB71202D501CC0008998C8 /* PeekTransitWidgetIntentHelper */;
		};
/* End PBXFileSystemSynchronizedBuildFileExceptionSet section */

/* Begin PBXFileSystemSynchronizedRootGroup section */
		2F200FCD2D4EBCEE009E18AE /* Shared */ = {
			isa = PBXFileSystemSynchronizedRootGroup;
			exceptions = (
				2FBB714E2D502CB3008998C8 /* Exceptions for "Shared" folder in "PeekTransitWidgetExtension" target */,
				2FBB71512D502CB3008998C8 /* Exceptions for "Shared" folder in "PeekTransitWidgetIntentHelper" target */,
			);
			path = Shared;
			sourceTree = "<group>";
		};
		2F570C142D45D5EE00C01563 /* PeekTransit */ = {
			isa = PBXFileSystemSynchronizedRootGroup;
			exceptions = (
				2F570C222D45D5EF00C01563 /* Exceptions for "PeekTransit" folder in "Peek Transit" target */,
				2FBB714F2D502CB3008998C8 /* Exceptions for "PeekTransit" folder in "PeekTransitWidgetExtension" target */,
				2FBB71502D502CB3008998C8 /* Exceptions for "PeekTransit" folder in "PeekTransitWidgetIntentHelper" target */,
			);
			path = PeekTransit;
			sourceTree = "<group>";
		};
		2FBB709F2D500E0C008998C8 /* PeekTransitWidget */ = {
			isa = PBXFileSystemSynchronizedRootGroup;
			exceptions = (
				2FBB711C2D50131A008998C8 /* Exceptions for "PeekTransitWidget" folder in "Peek Transit" target */,
				2FBB70B02D500E0D008998C8 /* Exceptions for "PeekTransitWidget" folder in "PeekTransitWidgetExtension" target */,
				2FBB71302D501CF1008998C8 /* Exceptions for "PeekTransitWidget" folder in "PeekTransitWidgetIntentHelper" target */,
			);
			path = PeekTransitWidget;
			sourceTree = "<group>";
		};
		2FBB71242D501CC0008998C8 /* PeekTransitWidgetIntentHelper */ = {
			isa = PBXFileSystemSynchronizedRootGroup;
			exceptions = (
				2FBB71342D501F90008998C8 /* Exceptions for "PeekTransitWidgetIntentHelper" folder in "Peek Transit" target */,
				2FBB71322D501F09008998C8 /* Exceptions for "PeekTransitWidgetIntentHelper" folder in "PeekTransitWidgetExtension" target */,
				2FBB712E2D501CC0008998C8 /* Exceptions for "PeekTransitWidgetIntentHelper" folder in "PeekTransitWidgetIntentHelper" target */,
			);
			path = PeekTransitWidgetIntentHelper;
			sourceTree = "<group>";
		};
/* End PBXFileSystemSynchronizedRootGroup section */

/* Begin PBXFrameworksBuildPhase section */
		2F570C0F2D45D5EE00C01563 /* Frameworks */ = {
			isa = PBXFrameworksBuildPhase;
			buildActionMask = 2147483647;
			files = (
			);
			runOnlyForDeploymentPostprocessing = 0;
		};
		2FBB70962D500E0C008998C8 /* Frameworks */ = {
			isa = PBXFrameworksBuildPhase;
			buildActionMask = 2147483647;
			files = (
				2FBB709E2D500E0C008998C8 /* SwiftUI.framework in Frameworks */,
				2FBB709C2D500E0C008998C8 /* WidgetKit.framework in Frameworks */,
			);
			runOnlyForDeploymentPostprocessing = 0;
		};
		2FBB711E2D501CC0008998C8 /* Frameworks */ = {
			isa = PBXFrameworksBuildPhase;
			buildActionMask = 2147483647;
			files = (
				2FBB71232D501CC0008998C8 /* Intents.framework in Frameworks */,
			);
			runOnlyForDeploymentPostprocessing = 0;
		};
/* End PBXFrameworksBuildPhase section */

/* Begin PBXGroup section */
		2F570C092D45D5EE00C01563 = {
			isa = PBXGroup;
			children = (
				2F200FCD2D4EBCEE009E18AE /* Shared */,
				2F570C142D45D5EE00C01563 /* PeekTransit */,
				2FBB709F2D500E0C008998C8 /* PeekTransitWidget */,
				2FBB71242D501CC0008998C8 /* PeekTransitWidgetIntentHelper */,
				2FBB709A2D500E0C008998C8 /* Frameworks */,
				2F570C132D45D5EE00C01563 /* Products */,
			);
			sourceTree = "<group>";
		};
		2F570C132D45D5EE00C01563 /* Products */ = {
			isa = PBXGroup;
			children = (
				2F570C122D45D5EE00C01563 /* Peek Transit.app */,
				2FBB70992D500E0C008998C8 /* PeekTransitWidgetExtension.appex */,
				2FBB71212D501CC0008998C8 /* PeekTransitWidgetIntentHelper.appex */,
			);
			name = Products;
			sourceTree = "<group>";
		};
		2FBB709A2D500E0C008998C8 /* Frameworks */ = {
			isa = PBXGroup;
			children = (
				2FBB709B2D500E0C008998C8 /* WidgetKit.framework */,
				2FBB709D2D500E0C008998C8 /* SwiftUI.framework */,
				2FBB71222D501CC0008998C8 /* Intents.framework */,
			);
			name = Frameworks;
			sourceTree = "<group>";
		};
/* End PBXGroup section */

/* Begin PBXNativeTarget section */
		2F570C112D45D5EE00C01563 /* Peek Transit */ = {
			isa = PBXNativeTarget;
			buildConfigurationList = 2F570C232D45D5EF00C01563 /* Build configuration list for PBXNativeTarget "Peek Transit" */;
			buildPhases = (
				2F570C0E2D45D5EE00C01563 /* Sources */,
				2F570C0F2D45D5EE00C01563 /* Frameworks */,
				2F570C102D45D5EE00C01563 /* Resources */,
				2FB3B8D22D4DB2B1003BFF19 /* Embed Foundation Extensions */,
				2F2010AC2D4EF93A009E18AE /* Embed ExtensionKit Extensions */,
			);
			buildRules = (
			);
			dependencies = (
				2FBB70AB2D500E0D008998C8 /* PBXTargetDependency */,
				2FBB71292D501CC0008998C8 /* PBXTargetDependency */,
			);
			fileSystemSynchronizedGroups = (
				2F200FCD2D4EBCEE009E18AE /* Shared */,
				2F570C142D45D5EE00C01563 /* PeekTransit */,
			);
			name = "Peek Transit";
			packageProductDependencies = (
			);
			productName = PeekTransit;
			productReference = 2F570C122D45D5EE00C01563 /* Peek Transit.app */;
			productType = "com.apple.product-type.application";
		};
		2FBB70982D500E0C008998C8 /* PeekTransitWidgetExtension */ = {
			isa = PBXNativeTarget;
			buildConfigurationList = 2FBB70AF2D500E0D008998C8 /* Build configuration list for PBXNativeTarget "PeekTransitWidgetExtension" */;
			buildPhases = (
				2FBB70952D500E0C008998C8 /* Sources */,
				2FBB70962D500E0C008998C8 /* Frameworks */,
				2FBB70972D500E0C008998C8 /* Resources */,
			);
			buildRules = (
			);
			dependencies = (
			);
			fileSystemSynchronizedGroups = (
				2FBB709F2D500E0C008998C8 /* PeekTransitWidget */,
			);
			name = PeekTransitWidgetExtension;
			packageProductDependencies = (
			);
			productName = PeekTransitWidgetExtension;
			productReference = 2FBB70992D500E0C008998C8 /* PeekTransitWidgetExtension.appex */;
			productType = "com.apple.product-type.app-extension";
		};
		2FBB71202D501CC0008998C8 /* PeekTransitWidgetIntentHelper */ = {
			isa = PBXNativeTarget;
			buildConfigurationList = 2FBB712B2D501CC0008998C8 /* Build configuration list for PBXNativeTarget "PeekTransitWidgetIntentHelper" */;
			buildPhases = (
				2FBB711D2D501CC0008998C8 /* Sources */,
				2FBB711E2D501CC0008998C8 /* Frameworks */,
				2FBB711F2D501CC0008998C8 /* Resources */,
			);
			buildRules = (
			);
			dependencies = (
			);
			fileSystemSynchronizedGroups = (
				2FBB71242D501CC0008998C8 /* PeekTransitWidgetIntentHelper */,
			);
			name = PeekTransitWidgetIntentHelper;
			packageProductDependencies = (
			);
			productName = PeekTransitWidgetIntentHelper;
			productReference = 2FBB71212D501CC0008998C8 /* PeekTransitWidgetIntentHelper.appex */;
			productType = "com.apple.product-type.app-extension";
		};
/* End PBXNativeTarget section */

/* Begin PBXProject section */
		2F570C0A2D45D5EE00C01563 /* Project object */ = {
			isa = PBXProject;
			attributes = {
				BuildIndependentTargetsInParallel = 1;
				LastSwiftUpdateCheck = 1620;
				LastUpgradeCheck = 1620;
				TargetAttributes = {
					2F570C112D45D5EE00C01563 = {
						CreatedOnToolsVersion = 16.2;
					};
					2FBB70982D500E0C008998C8 = {
						CreatedOnToolsVersion = 16.2;
					};
					2FBB71202D501CC0008998C8 = {
						CreatedOnToolsVersion = 16.2;
					};
				};
			};
			buildConfigurationList = 2F570C0D2D45D5EE00C01563 /* Build configuration list for PBXProject "PeekTransit" */;
			developmentRegion = en;
			hasScannedForEncodings = 0;
			knownRegions = (
				en,
				Base,
			);
			mainGroup = 2F570C092D45D5EE00C01563;
			minimizedProjectReferenceProxies = 1;
			preferredProjectObjectVersion = 77;
			productRefGroup = 2F570C132D45D5EE00C01563 /* Products */;
			projectDirPath = "";
			projectRoot = "";
			targets = (
				2F570C112D45D5EE00C01563 /* Peek Transit */,
				2FBB70982D500E0C008998C8 /* PeekTransitWidgetExtension */,
				2FBB71202D501CC0008998C8 /* PeekTransitWidgetIntentHelper */,
			);
		};
/* End PBXProject section */

/* Begin PBXResourcesBuildPhase section */
		2F570C102D45D5EE00C01563 /* Resources */ = {
			isa = PBXResourcesBuildPhase;
			buildActionMask = 2147483647;
			files = (
			);
			runOnlyForDeploymentPostprocessing = 0;
		};
		2FBB70972D500E0C008998C8 /* Resources */ = {
			isa = PBXResourcesBuildPhase;
			buildActionMask = 2147483647;
			files = (
			);
			runOnlyForDeploymentPostprocessing = 0;
		};
		2FBB711F2D501CC0008998C8 /* Resources */ = {
			isa = PBXResourcesBuildPhase;
			buildActionMask = 2147483647;
			files = (
			);
			runOnlyForDeploymentPostprocessing = 0;
		};
/* End PBXResourcesBuildPhase section */

/* Begin PBXSourcesBuildPhase section */
		2F570C0E2D45D5EE00C01563 /* Sources */ = {
			isa = PBXSourcesBuildPhase;
			buildActionMask = 2147483647;
			files = (
			);
			runOnlyForDeploymentPostprocessing = 0;
		};
		2FBB70952D500E0C008998C8 /* Sources */ = {
			isa = PBXSourcesBuildPhase;
			buildActionMask = 2147483647;
			files = (
			);
			runOnlyForDeploymentPostprocessing = 0;
		};
		2FBB711D2D501CC0008998C8 /* Sources */ = {
			isa = PBXSourcesBuildPhase;
			buildActionMask = 2147483647;
			files = (
			);
			runOnlyForDeploymentPostprocessing = 0;
		};
/* End PBXSourcesBuildPhase section */

/* Begin PBXTargetDependency section */
		2FBB70AB2D500E0D008998C8 /* PBXTargetDependency */ = {
			isa = PBXTargetDependency;
			target = 2FBB70982D500E0C008998C8 /* PeekTransitWidgetExtension */;
			targetProxy = 2FBB70AA2D500E0D008998C8 /* PBXContainerItemProxy */;
		};
		2FBB71292D501CC0008998C8 /* PBXTargetDependency */ = {
			isa = PBXTargetDependency;
			target = 2FBB71202D501CC0008998C8 /* PeekTransitWidgetIntentHelper */;
			targetProxy = 2FBB71282D501CC0008998C8 /* PBXContainerItemProxy */;
		};
/* End PBXTargetDependency section */

/* Begin XCBuildConfiguration section */
		2F570C242D45D5EF00C01563 /* Debug */ = {
			isa = XCBuildConfiguration;
			buildSettings = {
				ASSETCATALOG_COMPILER_APPICON_NAME = AppIcon;
				ASSETCATALOG_COMPILER_GLOBAL_ACCENT_COLOR_NAME = AccentColor;
				CODE_SIGN_ENTITLEMENTS = PeekTransit/PeekTransit.entitlements;
				CODE_SIGN_STYLE = Automatic;
				CURRENT_PROJECT_VERSION = 1;
				DEVELOPMENT_ASSET_PATHS = "\"PeekTransit/Preview Content\"";
				DEVELOPMENT_TEAM = Q4RWJ7728F;
				ENABLE_PREVIEWS = YES;
				GENERATE_INFOPLIST_FILE = YES;
				INFOPLIST_FILE = PeekTransit/Info.plist;
				INFOPLIST_KEY_CFBundleDisplayName = "";
				INFOPLIST_KEY_LSApplicationCategoryType = "";
				INFOPLIST_KEY_NSLocationWhenInUseUsageDescription = "PeekTransit needs access to your location to fetch nearby bus stops and stop schedules.";
				INFOPLIST_KEY_UIApplicationSceneManifest_Generation = YES;
				INFOPLIST_KEY_UIApplicationSupportsIndirectInputEvents = YES;
				INFOPLIST_KEY_UILaunchStoryboardName = "Launch Screen.storyboard";
				INFOPLIST_KEY_UISupportedInterfaceOrientations = UIInterfaceOrientationPortrait;
				INFOPLIST_KEY_UISupportedInterfaceOrientations_iPad = "UIInterfaceOrientationPortrait UIInterfaceOrientationPortraitUpsideDown";
				IPHONEOS_DEPLOYMENT_TARGET = 16.4;
				LD_RUNPATH_SEARCH_PATHS = (
					"$(inherited)",
					"@executable_path/Frameworks",
				);
				MARKETING_VERSION = 1.0;
				PRODUCT_BUNDLE_IDENTIFIER = com.aymanhki.PeekTransit;
				PRODUCT_NAME = "$(TARGET_NAME)";
				SWIFT_EMIT_LOC_STRINGS = YES;
				SWIFT_VERSION = 5.0;
				TARGETED_DEVICE_FAMILY = "1,2";
			};
			name = Debug;
		};
		2F570C252D45D5EF00C01563 /* Release */ = {
			isa = XCBuildConfiguration;
			buildSettings = {
				ASSETCATALOG_COMPILER_APPICON_NAME = AppIcon;
				ASSETCATALOG_COMPILER_GLOBAL_ACCENT_COLOR_NAME = AccentColor;
				CODE_SIGN_ENTITLEMENTS = PeekTransit/PeekTransit.entitlements;
				CODE_SIGN_STYLE = Automatic;
				CURRENT_PROJECT_VERSION = 1;
				DEVELOPMENT_ASSET_PATHS = "\"PeekTransit/Preview Content\"";
				DEVELOPMENT_TEAM = Q4RWJ7728F;
				ENABLE_PREVIEWS = YES;
				GENERATE_INFOPLIST_FILE = YES;
				INFOPLIST_FILE = PeekTransit/Info.plist;
				INFOPLIST_KEY_CFBundleDisplayName = "";
				INFOPLIST_KEY_LSApplicationCategoryType = "";
				INFOPLIST_KEY_NSLocationWhenInUseUsageDescription = "PeekTransit needs access to your location to fetch nearby bus stops and stop schedules.";
				INFOPLIST_KEY_UIApplicationSceneManifest_Generation = YES;
				INFOPLIST_KEY_UIApplicationSupportsIndirectInputEvents = YES;
				INFOPLIST_KEY_UILaunchStoryboardName = "Launch Screen.storyboard";
				INFOPLIST_KEY_UISupportedInterfaceOrientations = UIInterfaceOrientationPortrait;
				INFOPLIST_KEY_UISupportedInterfaceOrientations_iPad = "UIInterfaceOrientationPortrait UIInterfaceOrientationPortraitUpsideDown";
				IPHONEOS_DEPLOYMENT_TARGET = 16.4;
				LD_RUNPATH_SEARCH_PATHS = (
					"$(inherited)",
					"@executable_path/Frameworks",
				);
				MARKETING_VERSION = 1.0;
				PRODUCT_BUNDLE_IDENTIFIER = com.aymanhki.PeekTransit;
				PRODUCT_NAME = "$(TARGET_NAME)";
				SWIFT_EMIT_LOC_STRINGS = YES;
				SWIFT_VERSION = 5.0;
				TARGETED_DEVICE_FAMILY = "1,2";
			};
			name = Release;
		};
		2F570C262D45D5EF00C01563 /* Debug */ = {
			isa = XCBuildConfiguration;
			buildSettings = {
				ALWAYS_SEARCH_USER_PATHS = NO;
				ASSETCATALOG_COMPILER_GENERATE_SWIFT_ASSET_SYMBOL_EXTENSIONS = YES;
				CLANG_ANALYZER_NONNULL = YES;
				CLANG_ANALYZER_NUMBER_OBJECT_CONVERSION = YES_AGGRESSIVE;
				CLANG_CXX_LANGUAGE_STANDARD = "gnu++20";
				CLANG_ENABLE_MODULES = YES;
				CLANG_ENABLE_OBJC_ARC = YES;
				CLANG_ENABLE_OBJC_WEAK = YES;
				CLANG_WARN_BLOCK_CAPTURE_AUTORELEASING = YES;
				CLANG_WARN_BOOL_CONVERSION = YES;
				CLANG_WARN_COMMA = YES;
				CLANG_WARN_CONSTANT_CONVERSION = YES;
				CLANG_WARN_DEPRECATED_OBJC_IMPLEMENTATIONS = YES;
				CLANG_WARN_DIRECT_OBJC_ISA_USAGE = YES_ERROR;
				CLANG_WARN_DOCUMENTATION_COMMENTS = YES;
				CLANG_WARN_EMPTY_BODY = YES;
				CLANG_WARN_ENUM_CONVERSION = YES;
				CLANG_WARN_INFINITE_RECURSION = YES;
				CLANG_WARN_INT_CONVERSION = YES;
				CLANG_WARN_NON_LITERAL_NULL_CONVERSION = YES;
				CLANG_WARN_OBJC_IMPLICIT_RETAIN_SELF = YES;
				CLANG_WARN_OBJC_LITERAL_CONVERSION = YES;
				CLANG_WARN_OBJC_ROOT_CLASS = YES_ERROR;
				CLANG_WARN_QUOTED_INCLUDE_IN_FRAMEWORK_HEADER = YES;
				CLANG_WARN_RANGE_LOOP_ANALYSIS = YES;
				CLANG_WARN_STRICT_PROTOTYPES = YES;
				CLANG_WARN_SUSPICIOUS_MOVE = YES;
				CLANG_WARN_UNGUARDED_AVAILABILITY = YES_AGGRESSIVE;
				CLANG_WARN_UNREACHABLE_CODE = YES;
				CLANG_WARN__DUPLICATE_METHOD_MATCH = YES;
				COPY_PHASE_STRIP = NO;
				DEBUG_INFORMATION_FORMAT = dwarf;
				ENABLE_STRICT_OBJC_MSGSEND = YES;
				ENABLE_TESTABILITY = YES;
				ENABLE_USER_SCRIPT_SANDBOXING = YES;
				GCC_C_LANGUAGE_STANDARD = gnu17;
				GCC_DYNAMIC_NO_PIC = NO;
				GCC_NO_COMMON_BLOCKS = YES;
				GCC_OPTIMIZATION_LEVEL = 0;
				GCC_PREPROCESSOR_DEFINITIONS = (
					"DEBUG=1",
					"$(inherited)",
				);
				GCC_WARN_64_TO_32_BIT_CONVERSION = YES;
				GCC_WARN_ABOUT_RETURN_TYPE = YES_ERROR;
				GCC_WARN_UNDECLARED_SELECTOR = YES;
				GCC_WARN_UNINITIALIZED_AUTOS = YES_AGGRESSIVE;
				GCC_WARN_UNUSED_FUNCTION = YES;
				GCC_WARN_UNUSED_VARIABLE = YES;
				IPHONEOS_DEPLOYMENT_TARGET = 16.6;
				LOCALIZATION_PREFERS_STRING_CATALOGS = YES;
				MTL_ENABLE_DEBUG_INFO = INCLUDE_SOURCE;
				MTL_FAST_MATH = YES;
				ONLY_ACTIVE_ARCH = YES;
				PRODUCT_NAME = "Peek Transit";
				SDKROOT = iphoneos;
				SWIFT_ACTIVE_COMPILATION_CONDITIONS = "DEBUG $(inherited)";
				SWIFT_OPTIMIZATION_LEVEL = "-Onone";
			};
			name = Debug;
		};
		2F570C272D45D5EF00C01563 /* Release */ = {
			isa = XCBuildConfiguration;
			buildSettings = {
				ALWAYS_SEARCH_USER_PATHS = NO;
				ASSETCATALOG_COMPILER_GENERATE_SWIFT_ASSET_SYMBOL_EXTENSIONS = YES;
				CLANG_ANALYZER_NONNULL = YES;
				CLANG_ANALYZER_NUMBER_OBJECT_CONVERSION = YES_AGGRESSIVE;
				CLANG_CXX_LANGUAGE_STANDARD = "gnu++20";
				CLANG_ENABLE_MODULES = YES;
				CLANG_ENABLE_OBJC_ARC = YES;
				CLANG_ENABLE_OBJC_WEAK = YES;
				CLANG_WARN_BLOCK_CAPTURE_AUTORELEASING = YES;
				CLANG_WARN_BOOL_CONVERSION = YES;
				CLANG_WARN_COMMA = YES;
				CLANG_WARN_CONSTANT_CONVERSION = YES;
				CLANG_WARN_DEPRECATED_OBJC_IMPLEMENTATIONS = YES;
				CLANG_WARN_DIRECT_OBJC_ISA_USAGE = YES_ERROR;
				CLANG_WARN_DOCUMENTATION_COMMENTS = YES;
				CLANG_WARN_EMPTY_BODY = YES;
				CLANG_WARN_ENUM_CONVERSION = YES;
				CLANG_WARN_INFINITE_RECURSION = YES;
				CLANG_WARN_INT_CONVERSION = YES;
				CLANG_WARN_NON_LITERAL_NULL_CONVERSION = YES;
				CLANG_WARN_OBJC_IMPLICIT_RETAIN_SELF = YES;
				CLANG_WARN_OBJC_LITERAL_CONVERSION = YES;
				CLANG_WARN_OBJC_ROOT_CLASS = YES_ERROR;
				CLANG_WARN_QUOTED_INCLUDE_IN_FRAMEWORK_HEADER = YES;
				CLANG_WARN_RANGE_LOOP_ANALYSIS = YES;
				CLANG_WARN_STRICT_PROTOTYPES = YES;
				CLANG_WARN_SUSPICIOUS_MOVE = YES;
				CLANG_WARN_UNGUARDED_AVAILABILITY = YES_AGGRESSIVE;
				CLANG_WARN_UNREACHABLE_CODE = YES;
				CLANG_WARN__DUPLICATE_METHOD_MATCH = YES;
				COPY_PHASE_STRIP = NO;
				DEBUG_INFORMATION_FORMAT = "dwarf-with-dsym";
				ENABLE_NS_ASSERTIONS = NO;
				ENABLE_STRICT_OBJC_MSGSEND = YES;
				ENABLE_USER_SCRIPT_SANDBOXING = YES;
				GCC_C_LANGUAGE_STANDARD = gnu17;
				GCC_NO_COMMON_BLOCKS = YES;
				GCC_WARN_64_TO_32_BIT_CONVERSION = YES;
				GCC_WARN_ABOUT_RETURN_TYPE = YES_ERROR;
				GCC_WARN_UNDECLARED_SELECTOR = YES;
				GCC_WARN_UNINITIALIZED_AUTOS = YES_AGGRESSIVE;
				GCC_WARN_UNUSED_FUNCTION = YES;
				GCC_WARN_UNUSED_VARIABLE = YES;
				IPHONEOS_DEPLOYMENT_TARGET = 16.6;
				LOCALIZATION_PREFERS_STRING_CATALOGS = YES;
				MTL_ENABLE_DEBUG_INFO = NO;
				MTL_FAST_MATH = YES;
				PRODUCT_NAME = "Peek Transit";
				SDKROOT = iphoneos;
				SWIFT_COMPILATION_MODE = wholemodule;
				VALIDATE_PRODUCT = YES;
			};
			name = Release;
		};
		2FBB70AD2D500E0D008998C8 /* Debug */ = {
			isa = XCBuildConfiguration;
			buildSettings = {
				ASSETCATALOG_COMPILER_GLOBAL_ACCENT_COLOR_NAME = AccentColor;
				ASSETCATALOG_COMPILER_WIDGET_BACKGROUND_COLOR_NAME = WidgetBackground;
				CODE_SIGN_ENTITLEMENTS = PeekTransitWidget/PeekTransitWidget.entitlements;
				CODE_SIGN_STYLE = Automatic;
				CURRENT_PROJECT_VERSION = 1;
				DEVELOPMENT_TEAM = Q4RWJ7728F;
				ENABLE_HARDENED_RUNTIME = YES;
				GENERATE_INFOPLIST_FILE = YES;
				INFOPLIST_FILE = PeekTransitWidget/Info.plist;
				INFOPLIST_KEY_CFBundleDisplayName = PeekTransitWidget;
				INFOPLIST_KEY_NSHumanReadableCopyright = "";
				IPHONEOS_DEPLOYMENT_TARGET = 16.4;
				LD_RUNPATH_SEARCH_PATHS = (
					"$(inherited)",
					"@executable_path/Frameworks",
					"@executable_path/../../Frameworks",
				);
				"LD_RUNPATH_SEARCH_PATHS[sdk=macosx*]" = (
					"$(inherited)",
					"@executable_path/../Frameworks",
					"@executable_path/../../../../Frameworks",
				);
				MACOSX_DEPLOYMENT_TARGET = 13.5;
				MARKETING_VERSION = 1.0;
				PRODUCT_BUNDLE_IDENTIFIER = com.aymanhki.PeekTransit.PeekTransitWidget;
				PRODUCT_NAME = "$(TARGET_NAME)";
				SDKROOT = auto;
				SKIP_INSTALL = YES;
				SUPPORTED_PLATFORMS = "iphoneos iphonesimulator macosx xros xrsimulator";
				SWIFT_EMIT_LOC_STRINGS = YES;
				SWIFT_VERSION = 5.0;
				TARGETED_DEVICE_FAMILY = "1,2,7";
				XROS_DEPLOYMENT_TARGET = 1.3;
			};
			name = Debug;
		};
		2FBB70AE2D500E0D008998C8 /* Release */ = {
			isa = XCBuildConfiguration;
			buildSettings = {
				ASSETCATALOG_COMPILER_GLOBAL_ACCENT_COLOR_NAME = AccentColor;
				ASSETCATALOG_COMPILER_WIDGET_BACKGROUND_COLOR_NAME = WidgetBackground;
				CODE_SIGN_ENTITLEMENTS = PeekTransitWidget/PeekTransitWidget.entitlements;
				CODE_SIGN_STYLE = Automatic;
				CURRENT_PROJECT_VERSION = 1;
				DEVELOPMENT_TEAM = Q4RWJ7728F;
				ENABLE_HARDENED_RUNTIME = YES;
				GENERATE_INFOPLIST_FILE = YES;
				INFOPLIST_FILE = PeekTransitWidget/Info.plist;
				INFOPLIST_KEY_CFBundleDisplayName = PeekTransitWidget;
				INFOPLIST_KEY_NSHumanReadableCopyright = "";
				IPHONEOS_DEPLOYMENT_TARGET = 16.4;
				LD_RUNPATH_SEARCH_PATHS = (
					"$(inherited)",
					"@executable_path/Frameworks",
					"@executable_path/../../Frameworks",
				);
				"LD_RUNPATH_SEARCH_PATHS[sdk=macosx*]" = (
					"$(inherited)",
					"@executable_path/../Frameworks",
					"@executable_path/../../../../Frameworks",
				);
				MACOSX_DEPLOYMENT_TARGET = 13.5;
				MARKETING_VERSION = 1.0;
				PRODUCT_BUNDLE_IDENTIFIER = com.aymanhki.PeekTransit.PeekTransitWidget;
				PRODUCT_NAME = "$(TARGET_NAME)";
				SDKROOT = auto;
				SKIP_INSTALL = YES;
				SUPPORTED_PLATFORMS = "iphoneos iphonesimulator macosx xros xrsimulator";
				SWIFT_EMIT_LOC_STRINGS = YES;
				SWIFT_VERSION = 5.0;
				TARGETED_DEVICE_FAMILY = "1,2,7";
				XROS_DEPLOYMENT_TARGET = 1.3;
			};
			name = Release;
		};
		2FBB712C2D501CC0008998C8 /* Debug */ = {
			isa = XCBuildConfiguration;
			buildSettings = {
				CODE_SIGN_ENTITLEMENTS = PeekTransitWidgetIntentHelper/PeekTransitWidgetIntentHelper.entitlements;
				CODE_SIGN_STYLE = Automatic;
				CURRENT_PROJECT_VERSION = 1;
				DEVELOPMENT_TEAM = Q4RWJ7728F;
				GENERATE_INFOPLIST_FILE = YES;
				INFOPLIST_FILE = PeekTransitWidgetIntentHelper/Info.plist;
				INFOPLIST_KEY_CFBundleDisplayName = PeekTransitWidgetIntentHelper;
				INFOPLIST_KEY_NSHumanReadableCopyright = "";
				IPHONEOS_DEPLOYMENT_TARGET = 16.4;
				LD_RUNPATH_SEARCH_PATHS = (
					"$(inherited)",
					"@executable_path/Frameworks",
					"@executable_path/../../Frameworks",
				);
				MARKETING_VERSION = 1.0;
				PRODUCT_BUNDLE_IDENTIFIER = com.aymanhki.PeekTransit.PeekTransitWidgetIntentHelper;
				PRODUCT_NAME = "$(TARGET_NAME)";
				SKIP_INSTALL = YES;
				SWIFT_EMIT_LOC_STRINGS = YES;
				SWIFT_VERSION = 5.0;
				TARGETED_DEVICE_FAMILY = "1,2";
			};
			name = Debug;
		};
		2FBB712D2D501CC0008998C8 /* Release */ = {
			isa = XCBuildConfiguration;
			buildSettings = {
				CODE_SIGN_ENTITLEMENTS = PeekTransitWidgetIntentHelper/PeekTransitWidgetIntentHelper.entitlements;
				CODE_SIGN_STYLE = Automatic;
				CURRENT_PROJECT_VERSION = 1;
				DEVELOPMENT_TEAM = Q4RWJ7728F;
				GENERATE_INFOPLIST_FILE = YES;
				INFOPLIST_FILE = PeekTransitWidgetIntentHelper/Info.plist;
				INFOPLIST_KEY_CFBundleDisplayName = PeekTransitWidgetIntentHelper;
				INFOPLIST_KEY_NSHumanReadableCopyright = "";
				IPHONEOS_DEPLOYMENT_TARGET = 16.4;
				LD_RUNPATH_SEARCH_PATHS = (
					"$(inherited)",
					"@executable_path/Frameworks",
					"@executable_path/../../Frameworks",
				);
				MARKETING_VERSION = 1.0;
				PRODUCT_BUNDLE_IDENTIFIER = com.aymanhki.PeekTransit.PeekTransitWidgetIntentHelper;
				PRODUCT_NAME = "$(TARGET_NAME)";
				SKIP_INSTALL = YES;
				SWIFT_EMIT_LOC_STRINGS = YES;
				SWIFT_VERSION = 5.0;
				TARGETED_DEVICE_FAMILY = "1,2";
			};
			name = Release;
		};
/* End XCBuildConfiguration section */

/* Begin XCConfigurationList section */
		2F570C0D2D45D5EE00C01563 /* Build configuration list for PBXProject "PeekTransit" */ = {
			isa = XCConfigurationList;
			buildConfigurations = (
				2F570C262D45D5EF00C01563 /* Debug */,
				2F570C272D45D5EF00C01563 /* Release */,
			);
			defaultConfigurationIsVisible = 0;
			defaultConfigurationName = Release;
		};
		2F570C232D45D5EF00C01563 /* Build configuration list for PBXNativeTarget "Peek Transit" */ = {
			isa = XCConfigurationList;
			buildConfigurations = (
				2F570C242D45D5EF00C01563 /* Debug */,
				2F570C252D45D5EF00C01563 /* Release */,
			);
			defaultConfigurationIsVisible = 0;
			defaultConfigurationName = Release;
		};
		2FBB70AF2D500E0D008998C8 /* Build configuration list for PBXNativeTarget "PeekTransitWidgetExtension" */ = {
			isa = XCConfigurationList;
			buildConfigurations = (
				2FBB70AD2D500E0D008998C8 /* Debug */,
				2FBB70AE2D500E0D008998C8 /* Release */,
			);
			defaultConfigurationIsVisible = 0;
			defaultConfigurationName = Release;
		};
		2FBB712B2D501CC0008998C8 /* Build configuration list for PBXNativeTarget "PeekTransitWidgetIntentHelper" */ = {
			isa = XCConfigurationList;
			buildConfigurations = (
				2FBB712C2D501CC0008998C8 /* Debug */,
				2FBB712D2D501CC0008998C8 /* Release */,
			);
			defaultConfigurationIsVisible = 0;
			defaultConfigurationName = Release;
		};
/* End XCConfigurationList section */
	};
	rootObject = 2F570C0A2D45D5EE00C01563 /* Project object */;
}
